
Microsoft Visual Studio Solution File, Format Version 12.00
# Visual Studio Version 17
VisualStudioVersion = 17.4.33213.308
MinimumVisualStudioVersion = 10.0.40219.1
Project("{9A19103F-16F7-4668-BE54-9A1E7A4F7556}") = "TaskAgent", "TaskAgent.csproj", "{C48623F5-7A92-41F0-98A1-DD68F9DFD20B}"
EndProject
Project("{FAE04EC0-301F-11D3-BF4B-00C04F79EFBC}") = "LoggerService", "..\LoggerService\LoggerService.csproj", "{8C03CA1C-60C8-4780-AF95-C1263720C01B}"
EndProject
Global
	GlobalSection(SolutionConfigurationPlatforms) = preSolution
		Debug|Any CPU = Debug|Any CPU
		Release|Any CPU = Release|Any CPU
	EndGlobalSection
	GlobalSection(ProjectConfigurationPlatforms) = postSolution
		{C48623F5-7A92-41F0-98A1-DD68F9DFD20B}.Debug|Any CPU.ActiveCfg = Debug|Any CPU
		{C48623F5-7A92-41F0-98A1-DD68F9DFD20B}.Debug|Any CPU.Build.0 = Debug|Any CPU
		{C48623F5-7A92-41F0-98A1-DD68F9DFD20B}.Release|Any CPU.ActiveCfg = Release|Any CPU
		{C48623F5-7A92-41F0-98A1-DD68F9DFD20B}.Release|Any CPU.Build.0 = Release|Any CPU
		{8C03CA1C-60C8-4780-AF95-C1263720C01B}.Debug|Any CPU.ActiveCfg = Debug|Any CPU
		{8C03CA1C-60C8-4780-AF95-C1263720C01B}.Debug|Any CPU.Build.0 = Debug|Any CPU
		{8C03CA1C-60C8-4780-AF95-C1263720C01B}.Release|Any CPU.ActiveCfg = Release|Any CPU
		{8C03CA1C-60C8-4780-AF95-C1263720C01B}.Release|Any CPU.Build.0 = Release|Any CPU
	EndGlobalSection
	GlobalSection(SolutionProperties) = preSolution
		HideSolutionNode = FALSE
	EndGlobalSection
	GlobalSection(ExtensibilityGlobals) = postSolution
		SolutionGuid = {6F99F3A4-DFE0-4CE9-8F3E-EA7F9C039C2E}
	EndGlobalSection
EndGlobal
